// !$*UTF8*$!
{
	archiveVersion = 1;
	classes = {
	};
	objectVersion = 56;
	objects = {

/* Begin PBXBuildFile section */
		B17ED2AE299739290046EEBA /* UploadHomeViewController.swift in Sources */ = {isa = PBXBuildFile; fileRef = B17ED2AD299739290046EEBA /* UploadHomeViewController.swift */; };
		B1885FF929921216007106F3 /* AppDelegate.swift in Sources */ = {isa = PBXBuildFile; fileRef = B1885FF829921216007106F3 /* AppDelegate.swift */; };
		B1885FFB29921216007106F3 /* SceneDelegate.swift in Sources */ = {isa = PBXBuildFile; fileRef = B1885FFA29921216007106F3 /* SceneDelegate.swift */; };
		B188600229921218007106F3 /* Assets.xcassets in Resources */ = {isa = PBXBuildFile; fileRef = B188600129921218007106F3 /* Assets.xcassets */; };
		B188600529921218007106F3 /* LaunchScreen.storyboard in Resources */ = {isa = PBXBuildFile; fileRef = B188600329921218007106F3 /* LaunchScreen.storyboard */; };
		B188600D2992AB03007106F3 /* AppHomeViewController.swift in Sources */ = {isa = PBXBuildFile; fileRef = B188600C2992AB03007106F3 /* AppHomeViewController.swift */; };
		B188600F2992C120007106F3 /* TabBarController.swift in Sources */ = {isa = PBXBuildFile; fileRef = B188600E2992C120007106F3 /* TabBarController.swift */; };
		B1AFBD8029948B6600DE8A52 /* DogNetworkAPI.swift in Sources */ = {isa = PBXBuildFile; fileRef = B1AFBD7F29948B6600DE8A52 /* DogNetworkAPI.swift */; };
		B1AFBD832994B32F00DE8A52 /* DogsResponseModel.swift in Sources */ = {isa = PBXBuildFile; fileRef = B1AFBD822994B32F00DE8A52 /* DogsResponseModel.swift */; };
		B1AFBD86299519A800DE8A52 /* DogsListViewCell.swift in Sources */ = {isa = PBXBuildFile; fileRef = B1AFBD85299519A800DE8A52 /* DogsListViewCell.swift */; };
		B1AFBD8929951CCB00DE8A52 /* Kingfisher in Frameworks */ = {isa = PBXBuildFile; productRef = B1AFBD8829951CCB00DE8A52 /* Kingfisher */; };
		B1B24A9529961C0400EC9271 /* API+.swift in Sources */ = {isa = PBXBuildFile; fileRef = B1B24A9429961C0400EC9271 /* API+.swift */; };
		B1B24A992996700900EC9271 /* FavouritesResponseModel.swift in Sources */ = {isa = PBXBuildFile; fileRef = B1B24A982996700900EC9271 /* FavouritesResponseModel.swift */; };
		B1B24A9C29967B2900EC9271 /* FavouriteHomeViewController.swift in Sources */ = {isa = PBXBuildFile; fileRef = B1B24A9B29967B2900EC9271 /* FavouriteHomeViewController.swift */; };
		B1B24A9E2996875000EC9271 /* FavouriteListCell.swift in Sources */ = {isa = PBXBuildFile; fileRef = B1B24A9D2996875000EC9271 /* FavouriteListCell.swift */; };
		B1F00C9C2997D3C7000C44AA /* UploadResponseModel.swift in Sources */ = {isa = PBXBuildFile; fileRef = B1F00C9B2997D3C7000C44AA /* UploadResponseModel.swift */; };
		B1F00C9F2997D497000C44AA /* Alamofire in Frameworks */ = {isa = PBXBuildFile; productRef = B1F00C9E2997D497000C44AA /* Alamofire */; };
/* End PBXBuildFile section */

/* Begin PBXFileReference section */
		B17ED2AD299739290046EEBA /* UploadHomeViewController.swift */ = {isa = PBXFileReference; lastKnownFileType = sourcecode.swift; path = UploadHomeViewController.swift; sourceTree = "<group>"; };
		B1885FF529921216007106F3 /* DoggieOn.app */ = {isa = PBXFileReference; explicitFileType = wrapper.application; includeInIndex = 0; path = DoggieOn.app; sourceTree = BUILT_PRODUCTS_DIR; };
		B1885FF829921216007106F3 /* AppDelegate.swift */ = {isa = PBXFileReference; lastKnownFileType = sourcecode.swift; path = AppDelegate.swift; sourceTree = "<group>"; };
		B1885FFA29921216007106F3 /* SceneDelegate.swift */ = {isa = PBXFileReference; lastKnownFileType = sourcecode.swift; path = SceneDelegate.swift; sourceTree = "<group>"; };
		B188600129921218007106F3 /* Assets.xcassets */ = {isa = PBXFileReference; lastKnownFileType = folder.assetcatalog; path = Assets.xcassets; sourceTree = "<group>"; };
		B188600429921218007106F3 /* Base */ = {isa = PBXFileReference; lastKnownFileType = file.storyboard; name = Base; path = Base.lproj/LaunchScreen.storyboard; sourceTree = "<group>"; };
		B188600629921218007106F3 /* Info.plist */ = {isa = PBXFileReference; lastKnownFileType = text.plist.xml; path = Info.plist; sourceTree = "<group>"; };
		B188600C2992AB03007106F3 /* AppHomeViewController.swift */ = {isa = PBXFileReference; lastKnownFileType = sourcecode.swift; path = AppHomeViewController.swift; sourceTree = "<group>"; };
		B188600E2992C120007106F3 /* TabBarController.swift */ = {isa = PBXFileReference; lastKnownFileType = sourcecode.swift; path = TabBarController.swift; sourceTree = "<group>"; };
		B1AFBD7F29948B6600DE8A52 /* DogNetworkAPI.swift */ = {isa = PBXFileReference; lastKnownFileType = sourcecode.swift; path = DogNetworkAPI.swift; sourceTree = "<group>"; };
		B1AFBD822994B32F00DE8A52 /* DogsResponseModel.swift */ = {isa = PBXFileReference; lastKnownFileType = sourcecode.swift; path = DogsResponseModel.swift; sourceTree = "<group>"; };
		B1AFBD842994FD9F00DE8A52 /* Env.xcconfig */ = {isa = PBXFileReference; lastKnownFileType = text.xcconfig; path = Env.xcconfig; sourceTree = "<group>"; };
		B1AFBD85299519A800DE8A52 /* DogsListViewCell.swift */ = {isa = PBXFileReference; lastKnownFileType = sourcecode.swift; path = DogsListViewCell.swift; sourceTree = "<group>"; };
		B1B24A9429961C0400EC9271 /* API+.swift */ = {isa = PBXFileReference; lastKnownFileType = sourcecode.swift; path = "API+.swift"; sourceTree = "<group>"; };
		B1B24A982996700900EC9271 /* FavouritesResponseModel.swift */ = {isa = PBXFileReference; lastKnownFileType = sourcecode.swift; path = FavouritesResponseModel.swift; sourceTree = "<group>"; };
		B1B24A9B29967B2900EC9271 /* FavouriteHomeViewController.swift */ = {isa = PBXFileReference; lastKnownFileType = sourcecode.swift; path = FavouriteHomeViewController.swift; sourceTree = "<group>"; };
		B1B24A9D2996875000EC9271 /* FavouriteListCell.swift */ = {isa = PBXFileReference; lastKnownFileType = sourcecode.swift; path = FavouriteListCell.swift; sourceTree = "<group>"; };
		B1F00C9B2997D3C7000C44AA /* UploadResponseModel.swift */ = {isa = PBXFileReference; lastKnownFileType = sourcecode.swift; path = UploadResponseModel.swift; sourceTree = "<group>"; };
/* End PBXFileReference section */

/* Begin PBXFrameworksBuildPhase section */
		B1885FF229921216007106F3 /* Frameworks */ = {
			isa = PBXFrameworksBuildPhase;
			buildActionMask = 2147483647;
			files = (
				B1AFBD8929951CCB00DE8A52 /* Kingfisher in Frameworks */,
				B1F00C9F2997D497000C44AA /* Alamofire in Frameworks */,
			);
			runOnlyForDeploymentPostprocessing = 0;
		};
/* End PBXFrameworksBuildPhase section */

/* Begin PBXGroup section */
		B17ED2AC2997390C0046EEBA /* UploadHome */ = {
			isa = PBXGroup;
			children = (
				B17ED2AD299739290046EEBA /* UploadHomeViewController.swift */,
			);
			path = UploadHome;
			sourceTree = "<group>";
		};
		B1885FEC29921216007106F3 = {
			isa = PBXGroup;
			children = (
				B1885FF729921216007106F3 /* DoggieOn */,
				B1885FF629921216007106F3 /* Products */,
			);
			sourceTree = "<group>";
		};
		B1885FF629921216007106F3 /* Products */ = {
			isa = PBXGroup;
			children = (
				B1885FF529921216007106F3 /* DoggieOn.app */,
			);
			name = Products;
			sourceTree = "<group>";
		};
		B1885FF729921216007106F3 /* DoggieOn */ = {
			isa = PBXGroup;
			children = (
				B1B24A8F2996036A00EC9271 /* AppRoot */,
				B1B24A8E2996035400EC9271 /* AppHome */,
				B1B24A9A29967B0000EC9271 /* FavouriteHome */,
				B17ED2AC2997390C0046EEBA /* UploadHome */,
				B1B24A902996062B00EC9271 /* Network */,
				B1AFBD812994B26500DE8A52 /* Models */,
				B1B24A9329961BEA00EC9271 /* Extension */,
				B188600129921218007106F3 /* Assets.xcassets */,
				B1AFBD842994FD9F00DE8A52 /* Env.xcconfig */,
				B188600329921218007106F3 /* LaunchScreen.storyboard */,
				B188600629921218007106F3 /* Info.plist */,
			);
			path = DoggieOn;
			sourceTree = "<group>";
		};
		B1AFBD812994B26500DE8A52 /* Models */ = {
			isa = PBXGroup;
			children = (
				B1AFBD822994B32F00DE8A52 /* DogsResponseModel.swift */,
				B1B24A982996700900EC9271 /* FavouritesResponseModel.swift */,
				B1F00C9B2997D3C7000C44AA /* UploadResponseModel.swift */,
			);
			path = Models;
			sourceTree = "<group>";
		};
		B1B24A8E2996035400EC9271 /* AppHome */ = {
			isa = PBXGroup;
			children = (
				B188600C2992AB03007106F3 /* AppHomeViewController.swift */,
				B1AFBD85299519A800DE8A52 /* DogsListViewCell.swift */,
			);
			path = AppHome;
			sourceTree = "<group>";
		};
		B1B24A8F2996036A00EC9271 /* AppRoot */ = {
			isa = PBXGroup;
			children = (
				B1885FF829921216007106F3 /* AppDelegate.swift */,
				B1885FFA29921216007106F3 /* SceneDelegate.swift */,
				B188600E2992C120007106F3 /* TabBarController.swift */,
			);
			path = AppRoot;
			sourceTree = "<group>";
		};
		B1B24A902996062B00EC9271 /* Network */ = {
			isa = PBXGroup;
			children = (
				B1AFBD7F29948B6600DE8A52 /* DogNetworkAPI.swift */,
			);
			path = Network;
			sourceTree = "<group>";
		};
		B1B24A9329961BEA00EC9271 /* Extension */ = {
			isa = PBXGroup;
			children = (
				B1B24A9429961C0400EC9271 /* API+.swift */,
			);
			path = Extension;
			sourceTree = "<group>";
		};
		B1B24A9A29967B0000EC9271 /* FavouriteHome */ = {
			isa = PBXGroup;
			children = (
				B1B24A9B29967B2900EC9271 /* FavouriteHomeViewController.swift */,
				B1B24A9D2996875000EC9271 /* FavouriteListCell.swift */,
			);
			path = FavouriteHome;
			sourceTree = "<group>";
		};
/* End PBXGroup section */

/* Begin PBXNativeTarget section */
		B1885FF429921216007106F3 /* DoggieOn */ = {
			isa = PBXNativeTarget;
			buildConfigurationList = B188600929921218007106F3 /* Build configuration list for PBXNativeTarget "DoggieOn" */;
			buildPhases = (
				B1885FF129921216007106F3 /* Sources */,
				B1885FF229921216007106F3 /* Frameworks */,
				B1885FF329921216007106F3 /* Resources */,
			);
			buildRules = (
			);
			dependencies = (
			);
			name = DoggieOn;
			packageProductDependencies = (
				B1AFBD8829951CCB00DE8A52 /* Kingfisher */,
				B1F00C9E2997D497000C44AA /* Alamofire */,
			);
			productName = DoggieOn;
			productReference = B1885FF529921216007106F3 /* DoggieOn.app */;
			productType = "com.apple.product-type.application";
		};
/* End PBXNativeTarget section */

/* Begin PBXProject section */
		B1885FED29921216007106F3 /* Project object */ = {
			isa = PBXProject;
			attributes = {
				BuildIndependentTargetsInParallel = 1;
				LastSwiftUpdateCheck = 1420;
				LastUpgradeCheck = 1420;
				TargetAttributes = {
					B1885FF429921216007106F3 = {
						CreatedOnToolsVersion = 14.2;
					};
				};
			};
			buildConfigurationList = B1885FF029921216007106F3 /* Build configuration list for PBXProject "DoggieOn" */;
			compatibilityVersion = "Xcode 14.0";
			developmentRegion = en;
			hasScannedForEncodings = 0;
			knownRegions = (
				en,
				Base,
			);
			mainGroup = B1885FEC29921216007106F3;
			packageReferences = (
				B1AFBD8729951CCB00DE8A52 /* XCRemoteSwiftPackageReference "Kingfisher" */,
				B1F00C9D2997D497000C44AA /* XCRemoteSwiftPackageReference "Alamofire" */,
			);
			productRefGroup = B1885FF629921216007106F3 /* Products */;
			projectDirPath = "";
			projectRoot = "";
			targets = (
				B1885FF429921216007106F3 /* DoggieOn */,
			);
		};
/* End PBXProject section */

/* Begin PBXResourcesBuildPhase section */
		B1885FF329921216007106F3 /* Resources */ = {
			isa = PBXResourcesBuildPhase;
			buildActionMask = 2147483647;
			files = (
				B188600529921218007106F3 /* LaunchScreen.storyboard in Resources */,
				B188600229921218007106F3 /* Assets.xcassets in Resources */,
			);
			runOnlyForDeploymentPostprocessing = 0;
		};
/* End PBXResourcesBuildPhase section */

/* Begin PBXSourcesBuildPhase section */
		B1885FF129921216007106F3 /* Sources */ = {
			isa = PBXSourcesBuildPhase;
			buildActionMask = 2147483647;
			files = (
				B1885FF929921216007106F3 /* AppDelegate.swift in Sources */,
				B1AFBD8029948B6600DE8A52 /* DogNetworkAPI.swift in Sources */,
				B1F00C9C2997D3C7000C44AA /* UploadResponseModel.swift in Sources */,
				B1B24A992996700900EC9271 /* FavouritesResponseModel.swift in Sources */,
				B1B24A9C29967B2900EC9271 /* FavouriteHomeViewController.swift in Sources */,
				B1AFBD832994B32F00DE8A52 /* DogsResponseModel.swift in Sources */,
				B1885FFB29921216007106F3 /* SceneDelegate.swift in Sources */,
				B17ED2AE299739290046EEBA /* UploadHomeViewController.swift in Sources */,
				B188600F2992C120007106F3 /* TabBarController.swift in Sources */,
				B1AFBD86299519A800DE8A52 /* DogsListViewCell.swift in Sources */,
				B1B24A9E2996875000EC9271 /* FavouriteListCell.swift in Sources */,
				B1B24A9529961C0400EC9271 /* API+.swift in Sources */,
				B188600D2992AB03007106F3 /* AppHomeViewController.swift in Sources */,
			);
			runOnlyForDeploymentPostprocessing = 0;
		};
/* End PBXSourcesBuildPhase section */

/* Begin PBXVariantGroup section */
		B188600329921218007106F3 /* LaunchScreen.storyboard */ = {
			isa = PBXVariantGroup;
			children = (
				B188600429921218007106F3 /* Base */,
			);
			name = LaunchScreen.storyboard;
			sourceTree = "<group>";
		};
/* End PBXVariantGroup section */

/* Begin XCBuildConfiguration section */
		B188600729921218007106F3 /* Debug */ = {
			isa = XCBuildConfiguration;
			buildSettings = {
				ALWAYS_SEARCH_USER_PATHS = NO;
				CLANG_ANALYZER_NONNULL = YES;
				CLANG_ANALYZER_NUMBER_OBJECT_CONVERSION = YES_AGGRESSIVE;
				CLANG_CXX_LANGUAGE_STANDARD = "gnu++20";
				CLANG_ENABLE_MODULES = YES;
				CLANG_ENABLE_OBJC_ARC = YES;
				CLANG_ENABLE_OBJC_WEAK = YES;
				CLANG_WARN_BLOCK_CAPTURE_AUTORELEASING = YES;
				CLANG_WARN_BOOL_CONVERSION = YES;
				CLANG_WARN_COMMA = YES;
				CLANG_WARN_CONSTANT_CONVERSION = YES;
				CLANG_WARN_DEPRECATED_OBJC_IMPLEMENTATIONS = YES;
				CLANG_WARN_DIRECT_OBJC_ISA_USAGE = YES_ERROR;
				CLANG_WARN_DOCUMENTATION_COMMENTS = YES;
				CLANG_WARN_EMPTY_BODY = YES;
				CLANG_WARN_ENUM_CONVERSION = YES;
				CLANG_WARN_INFINITE_RECURSION = YES;
				CLANG_WARN_INT_CONVERSION = YES;
				CLANG_WARN_NON_LITERAL_NULL_CONVERSION = YES;
				CLANG_WARN_OBJC_IMPLICIT_RETAIN_SELF = YES;
				CLANG_WARN_OBJC_LITERAL_CONVERSION = YES;
				CLANG_WARN_OBJC_ROOT_CLASS = YES_ERROR;
				CLANG_WARN_QUOTED_INCLUDE_IN_FRAMEWORK_HEADER = YES;
				CLANG_WARN_RANGE_LOOP_ANALYSIS = YES;
				CLANG_WARN_STRICT_PROTOTYPES = YES;
				CLANG_WARN_SUSPICIOUS_MOVE = YES;
				CLANG_WARN_UNGUARDED_AVAILABILITY = YES_AGGRESSIVE;
				CLANG_WARN_UNREACHABLE_CODE = YES;
				CLANG_WARN__DUPLICATE_METHOD_MATCH = YES;
				COPY_PHASE_STRIP = NO;
				DEBUG_INFORMATION_FORMAT = dwarf;
				ENABLE_STRICT_OBJC_MSGSEND = YES;
				ENABLE_TESTABILITY = YES;
				GCC_C_LANGUAGE_STANDARD = gnu11;
				GCC_DYNAMIC_NO_PIC = NO;
				GCC_NO_COMMON_BLOCKS = YES;
				GCC_OPTIMIZATION_LEVEL = 0;
				GCC_PREPROCESSOR_DEFINITIONS = (
					"DEBUG=1",
					"$(inherited)",
				);
				GCC_WARN_64_TO_32_BIT_CONVERSION = YES;
				GCC_WARN_ABOUT_RETURN_TYPE = YES_ERROR;
				GCC_WARN_UNDECLARED_SELECTOR = YES;
				GCC_WARN_UNINITIALIZED_AUTOS = YES_AGGRESSIVE;
				GCC_WARN_UNUSED_FUNCTION = YES;
				GCC_WARN_UNUSED_VARIABLE = YES;
				IPHONEOS_DEPLOYMENT_TARGET = 16.2;
				MTL_ENABLE_DEBUG_INFO = INCLUDE_SOURCE;
				MTL_FAST_MATH = YES;
				ONLY_ACTIVE_ARCH = YES;
				SDKROOT = iphoneos;
				SWIFT_ACTIVE_COMPILATION_CONDITIONS = DEBUG;
				SWIFT_OPTIMIZATION_LEVEL = "-Onone";
			};
			name = Debug;
		};
		B188600829921218007106F3 /* Release */ = {
			isa = XCBuildConfiguration;
			buildSettings = {
				ALWAYS_SEARCH_USER_PATHS = NO;
				CLANG_ANALYZER_NONNULL = YES;
				CLANG_ANALYZER_NUMBER_OBJECT_CONVERSION = YES_AGGRESSIVE;
				CLANG_CXX_LANGUAGE_STANDARD = "gnu++20";
				CLANG_ENABLE_MODULES = YES;
				CLANG_ENABLE_OBJC_ARC = YES;
				CLANG_ENABLE_OBJC_WEAK = YES;
				CLANG_WARN_BLOCK_CAPTURE_AUTORELEASING = YES;
				CLANG_WARN_BOOL_CONVERSION = YES;
				CLANG_WARN_COMMA = YES;
				CLANG_WARN_CONSTANT_CONVERSION = YES;
				CLANG_WARN_DEPRECATED_OBJC_IMPLEMENTATIONS = YES;
				CLANG_WARN_DIRECT_OBJC_ISA_USAGE = YES_ERROR;
				CLANG_WARN_DOCUMENTATION_COMMENTS = YES;
				CLANG_WARN_EMPTY_BODY = YES;
				CLANG_WARN_ENUM_CONVERSION = YES;
				CLANG_WARN_INFINITE_RECURSION = YES;
				CLANG_WARN_INT_CONVERSION = YES;
				CLANG_WARN_NON_LITERAL_NULL_CONVERSION = YES;
				CLANG_WARN_OBJC_IMPLICIT_RETAIN_SELF = YES;
				CLANG_WARN_OBJC_LITERAL_CONVERSION = YES;
				CLANG_WARN_OBJC_ROOT_CLASS = YES_ERROR;
				CLANG_WARN_QUOTED_INCLUDE_IN_FRAMEWORK_HEADER = YES;
				CLANG_WARN_RANGE_LOOP_ANALYSIS = YES;
				CLANG_WARN_STRICT_PROTOTYPES = YES;
				CLANG_WARN_SUSPICIOUS_MOVE = YES;
				CLANG_WARN_UNGUARDED_AVAILABILITY = YES_AGGRESSIVE;
				CLANG_WARN_UNREACHABLE_CODE = YES;
				CLANG_WARN__DUPLICATE_METHOD_MATCH = YES;
				COPY_PHASE_STRIP = NO;
				DEBUG_INFORMATION_FORMAT = "dwarf-with-dsym";
				ENABLE_NS_ASSERTIONS = NO;
				ENABLE_STRICT_OBJC_MSGSEND = YES;
				GCC_C_LANGUAGE_STANDARD = gnu11;
				GCC_NO_COMMON_BLOCKS = YES;
				GCC_WARN_64_TO_32_BIT_CONVERSION = YES;
				GCC_WARN_ABOUT_RETURN_TYPE = YES_ERROR;
				GCC_WARN_UNDECLARED_SELECTOR = YES;
				GCC_WARN_UNINITIALIZED_AUTOS = YES_AGGRESSIVE;
				GCC_WARN_UNUSED_FUNCTION = YES;
				GCC_WARN_UNUSED_VARIABLE = YES;
				IPHONEOS_DEPLOYMENT_TARGET = 16.2;
				MTL_ENABLE_DEBUG_INFO = NO;
				MTL_FAST_MATH = YES;
				SDKROOT = iphoneos;
				SWIFT_COMPILATION_MODE = wholemodule;
				SWIFT_OPTIMIZATION_LEVEL = "-O";
				VALIDATE_PRODUCT = YES;
			};
			name = Release;
		};
		B188600A29921218007106F3 /* Debug */ = {
			isa = XCBuildConfiguration;
			baseConfigurationReference = B1AFBD842994FD9F00DE8A52 /* Env.xcconfig */;
			buildSettings = {
				ASSETCATALOG_COMPILER_APPICON_NAME = AppIcon;
				ASSETCATALOG_COMPILER_GLOBAL_ACCENT_COLOR_NAME = AccentColor;
				CODE_SIGN_STYLE = Automatic;
				CURRENT_PROJECT_VERSION = 1;
				DEVELOPMENT_TEAM = N4G34Z5GTF;
				GENERATE_INFOPLIST_FILE = YES;
				INFOPLIST_FILE = DoggieOn/Info.plist;
				INFOPLIST_KEY_UIApplicationSupportsIndirectInputEvents = YES;
				INFOPLIST_KEY_UILaunchStoryboardName = LaunchScreen;
				INFOPLIST_KEY_UISupportedInterfaceOrientations_iPad = "UIInterfaceOrientationPortrait UIInterfaceOrientationPortraitUpsideDown UIInterfaceOrientationLandscapeLeft UIInterfaceOrientationLandscapeRight";
				INFOPLIST_KEY_UISupportedInterfaceOrientations_iPhone = "UIInterfaceOrientationPortrait UIInterfaceOrientationLandscapeLeft UIInterfaceOrientationLandscapeRight";
				LD_RUNPATH_SEARCH_PATHS = (
					"$(inherited)",
					"@executable_path/Frameworks",
				);
				MARKETING_VERSION = 1.0;
				PRODUCT_BUNDLE_IDENTIFIER = SWLEE.DoggieOn;
				PRODUCT_NAME = "$(TARGET_NAME)";
				SWIFT_EMIT_LOC_STRINGS = YES;
				SWIFT_VERSION = 5.0;
				TARGETED_DEVICE_FAMILY = "1,2";
			};
			name = Debug;
		};
		B188600B29921218007106F3 /* Release */ = {
			isa = XCBuildConfiguration;
			baseConfigurationReference = B1AFBD842994FD9F00DE8A52 /* Env.xcconfig */;
			buildSettings = {
				ASSETCATALOG_COMPILER_APPICON_NAME = AppIcon;
				ASSETCATALOG_COMPILER_GLOBAL_ACCENT_COLOR_NAME = AccentColor;
				CODE_SIGN_STYLE = Automatic;
				CURRENT_PROJECT_VERSION = 1;
				DEVELOPMENT_TEAM = N4G34Z5GTF;
				GENERATE_INFOPLIST_FILE = YES;
				INFOPLIST_FILE = DoggieOn/Info.plist;
				INFOPLIST_KEY_UIApplicationSupportsIndirectInputEvents = YES;
				INFOPLIST_KEY_UILaunchStoryboardName = LaunchScreen;
				INFOPLIST_KEY_UISupportedInterfaceOrientations_iPad = "UIInterfaceOrientationPortrait UIInterfaceOrientationPortraitUpsideDown UIInterfaceOrientationLandscapeLeft UIInterfaceOrientationLandscapeRight";
				INFOPLIST_KEY_UISupportedInterfaceOrientations_iPhone = "UIInterfaceOrientationPortrait UIInterfaceOrientationLandscapeLeft UIInterfaceOrientationLandscapeRight";
				LD_RUNPATH_SEARCH_PATHS = (
					"$(inherited)",
					"@executable_path/Frameworks",
				);
				MARKETING_VERSION = 1.0;
				PRODUCT_BUNDLE_IDENTIFIER = SWLEE.DoggieOn;
				PRODUCT_NAME = "$(TARGET_NAME)";
				SWIFT_EMIT_LOC_STRINGS = YES;
				SWIFT_VERSION = 5.0;
				TARGETED_DEVICE_FAMILY = "1,2";
			};
			name = Release;
		};
/* End XCBuildConfiguration section */

/* Begin XCConfigurationList section */
		B1885FF029921216007106F3 /* Build configuration list for PBXProject "DoggieOn" */ = {
			isa = XCConfigurationList;
			buildConfigurations = (
				B188600729921218007106F3 /* Debug */,
				B188600829921218007106F3 /* Release */,
			);
			defaultConfigurationIsVisible = 0;
			defaultConfigurationName = Release;
		};
		B188600929921218007106F3 /* Build configuration list for PBXNativeTarget "DoggieOn" */ = {
			isa = XCConfigurationList;
			buildConfigurations = (
				B188600A29921218007106F3 /* Debug */,
				B188600B29921218007106F3 /* Release */,
			);
			defaultConfigurationIsVisible = 0;
			defaultConfigurationName = Release;
		};
/* End XCConfigurationList section */

/* Begin XCRemoteSwiftPackageReference section */
		B1AFBD8729951CCB00DE8A52 /* XCRemoteSwiftPackageReference "Kingfisher" */ = {
			isa = XCRemoteSwiftPackageReference;
			repositoryURL = "https://github.com/onevcat/Kingfisher";
			requirement = {
				branch = master;
				kind = branch;
			};
		};
		B1F00C9D2997D497000C44AA /* XCRemoteSwiftPackageReference "Alamofire" */ = {
			isa = XCRemoteSwiftPackageReference;
			repositoryURL = "https://github.com/Alamofire/Alamofire";
			requirement = {
				branch = master;
				kind = branch;
			};
		};
/* End XCRemoteSwiftPackageReference section */

/* Begin XCSwiftPackageProductDependency section */
		B1AFBD8829951CCB00DE8A52 /* Kingfisher */ = {
			isa = XCSwiftPackageProductDependency;
			package = B1AFBD8729951CCB00DE8A52 /* XCRemoteSwiftPackageReference "Kingfisher" */;
			productName = Kingfisher;
		};
		B1F00C9E2997D497000C44AA /* Alamofire */ = {
			isa = XCSwiftPackageProductDependency;
			package = B1F00C9D2997D497000C44AA /* XCRemoteSwiftPackageReference "Alamofire" */;
			productName = Alamofire;
		};
/* End XCSwiftPackageProductDependency section */
	};
	rootObject = B1885FED29921216007106F3 /* Project object */;
}
